// !$*UTF8*$!
{
	archiveVersion = 1;
	classes = {
	};
	objectVersion = 56;
	objects = {

/* Begin PBXBuildFile section */
		CF1BBC1B2BF5C10B007FDF9B /* Alamofire in Frameworks */ = {isa = PBXBuildFile; productRef = CF1BBC1A2BF5C10B007FDF9B /* Alamofire */; };
		CF1BBC202BF5C243007FDF9B /* RealmSwift in Frameworks */ = {isa = PBXBuildFile; productRef = CF1BBC1F2BF5C243007FDF9B /* RealmSwift */; };
		CF1BBC612BF5CEE4007FDF9B /* ListController.swift in Sources */ = {isa = PBXBuildFile; fileRef = CF1BBC4D2BF5CEE4007FDF9B /* ListController.swift */; };
		CF1BBC622BF5CEE4007FDF9B /* ListSceneFactory.swift in Sources */ = {isa = PBXBuildFile; fileRef = CF1BBC4E2BF5CEE4007FDF9B /* ListSceneFactory.swift */; };
		CF1BBC632BF5CEE4007FDF9B /* Assets.xcassets in Resources */ = {isa = PBXBuildFile; fileRef = CF1BBC512BF5CEE4007FDF9B /* Assets.xcassets */; };
		CF1BBC642BF5CEE4007FDF9B /* LaunchScreen.storyboard in Resources */ = {isa = PBXBuildFile; fileRef = CF1BBC522BF5CEE4007FDF9B /* LaunchScreen.storyboard */; };
		CF1BBC672BF5CEE4007FDF9B /* NavigationController.swift in Sources */ = {isa = PBXBuildFile; fileRef = CF1BBC582BF5CEE4007FDF9B /* NavigationController.swift */; };
		CF1BBC682BF5CEE4007FDF9B /* Model.swift in Sources */ = {isa = PBXBuildFile; fileRef = CF1BBC5A2BF5CEE4007FDF9B /* Model.swift */; };
		CF1BBC692BF5CEE4007FDF9B /* SceneStarter.swift in Sources */ = {isa = PBXBuildFile; fileRef = CF1BBC5C2BF5CEE4007FDF9B /* SceneStarter.swift */; };
		CF1BBC6A2BF5CEE4007FDF9B /* AppDelegate.swift in Sources */ = {isa = PBXBuildFile; fileRef = CF1BBC5D2BF5CEE4007FDF9B /* AppDelegate.swift */; };
		CF1BBC6C2BF5CEF1007FDF9B /* dictWordEnglishTests.swift in Sources */ = {isa = PBXBuildFile; fileRef = CF1BBC602BF5CEE4007FDF9B /* dictWordEnglishTests.swift */; };
		CF6A76D82BF66F3300C65D07 /* ColorAssets.swift in Sources */ = {isa = PBXBuildFile; fileRef = CF6A76D72BF66F3300C65D07 /* ColorAssets.swift */; };
		CF6A76DF2BF66F8300C65D07 /* Constraints.swift in Sources */ = {isa = PBXBuildFile; fileRef = CF6A76DE2BF66F8300C65D07 /* Constraints.swift */; };
		CF6A76E12BF66FB100C65D07 /* Empty.swift in Sources */ = {isa = PBXBuildFile; fileRef = CF6A76E02BF66FB100C65D07 /* Empty.swift */; };
		CF6A76E32BF66FF400C65D07 /* ClassIdentifier.swift in Sources */ = {isa = PBXBuildFile; fileRef = CF6A76E22BF66FF400C65D07 /* ClassIdentifier.swift */; };
		CF6A76E82BF670A500C65D07 /* NetworkConectable.swift in Sources */ = {isa = PBXBuildFile; fileRef = CF6A76E72BF670A500C65D07 /* NetworkConectable.swift */; };
		CF6A76EA2BF670B700C65D07 /* NetworkError.swift in Sources */ = {isa = PBXBuildFile; fileRef = CF6A76E92BF670B700C65D07 /* NetworkError.swift */; };
		CF6A76ED2BF6712100C65D07 /* LocalizedText.swift in Sources */ = {isa = PBXBuildFile; fileRef = CF6A76EC2BF6712000C65D07 /* LocalizedText.swift */; };
		CF6A76F22BF6715C00C65D07 /* Localized.strings in Resources */ = {isa = PBXBuildFile; fileRef = CF6A76F02BF6715C00C65D07 /* Localized.strings */; };
		CF6A76F52BF671A200C65D07 /* Localized.strings in Resources */ = {isa = PBXBuildFile; fileRef = CF6A76F32BF671A200C65D07 /* Localized.strings */; };
		CF6A76F82BF672F200C65D07 /* KeychainAccess.swift in Sources */ = {isa = PBXBuildFile; fileRef = CF6A76F72BF672F200C65D07 /* KeychainAccess.swift */; };
		CF6A76FB2BF6A13F00C65D07 /* InlineSnapshotTesting in Frameworks */ = {isa = PBXBuildFile; productRef = CF6A76FA2BF6A13F00C65D07 /* InlineSnapshotTesting */; };
		CF6A76FD2BF6A13F00C65D07 /* SnapshotTesting in Frameworks */ = {isa = PBXBuildFile; productRef = CF6A76FC2BF6A13F00C65D07 /* SnapshotTesting */; };
		CF6A76FF2BF6A1B800C65D07 /* ListInteractor.swift in Sources */ = {isa = PBXBuildFile; fileRef = CF6A76FE2BF6A1B800C65D07 /* ListInteractor.swift */; };
		CF6A77012BF6A1C000C65D07 /* ListPresenter.swift in Sources */ = {isa = PBXBuildFile; fileRef = CF6A77002BF6A1C000C65D07 /* ListPresenter.swift */; };
		CF6A77032BF6A1CC00C65D07 /* ListView.swift in Sources */ = {isa = PBXBuildFile; fileRef = CF6A77022BF6A1CC00C65D07 /* ListView.swift */; };
		CF6A77082BF6A3B900C65D07 /* Networker.swift in Sources */ = {isa = PBXBuildFile; fileRef = CF6A77072BF6A3B900C65D07 /* Networker.swift */; };
		CF6A770A2BF6A75C00C65D07 /* DetailController.swift in Sources */ = {isa = PBXBuildFile; fileRef = CF6A77092BF6A75C00C65D07 /* DetailController.swift */; };
		CF6A770C2BF6A76C00C65D07 /* DetailSceneFactory.swift in Sources */ = {isa = PBXBuildFile; fileRef = CF6A770B2BF6A76C00C65D07 /* DetailSceneFactory.swift */; };
/* End PBXBuildFile section */

/* Begin PBXContainerItemProxy section */
		CF456F602BF55DF800634CB6 /* PBXContainerItemProxy */ = {
			isa = PBXContainerItemProxy;
			containerPortal = CF456F412BF55DF500634CB6 /* Project object */;
			proxyType = 1;
			remoteGlobalIDString = CF456F482BF55DF500634CB6;
			remoteInfo = dictWordEnglish;
		};
/* End PBXContainerItemProxy section */

/* Begin PBXFileReference section */
		CF1BBC4D2BF5CEE4007FDF9B /* ListController.swift */ = {isa = PBXFileReference; fileEncoding = 4; lastKnownFileType = sourcecode.swift; path = ListController.swift; sourceTree = "<group>"; };
		CF1BBC4E2BF5CEE4007FDF9B /* ListSceneFactory.swift */ = {isa = PBXFileReference; fileEncoding = 4; lastKnownFileType = sourcecode.swift; path = ListSceneFactory.swift; sourceTree = "<group>"; };
		CF1BBC512BF5CEE4007FDF9B /* Assets.xcassets */ = {isa = PBXFileReference; lastKnownFileType = folder.assetcatalog; path = Assets.xcassets; sourceTree = "<group>"; };
		CF1BBC532BF5CEE4007FDF9B /* Base */ = {isa = PBXFileReference; lastKnownFileType = file.storyboard; name = Base; path = Base.lproj/LaunchScreen.storyboard; sourceTree = "<group>"; };
		CF1BBC542BF5CEE4007FDF9B /* PrivacyInfo.xcprivacy */ = {isa = PBXFileReference; fileEncoding = 4; lastKnownFileType = text.xml; path = PrivacyInfo.xcprivacy; sourceTree = "<group>"; };
		CF1BBC552BF5CEE4007FDF9B /* Info.plist */ = {isa = PBXFileReference; fileEncoding = 4; lastKnownFileType = text.plist.xml; path = Info.plist; sourceTree = "<group>"; };
		CF1BBC582BF5CEE4007FDF9B /* NavigationController.swift */ = {isa = PBXFileReference; fileEncoding = 4; lastKnownFileType = sourcecode.swift; path = NavigationController.swift; sourceTree = "<group>"; };
		CF1BBC5A2BF5CEE4007FDF9B /* Model.swift */ = {isa = PBXFileReference; fileEncoding = 4; lastKnownFileType = sourcecode.swift; path = Model.swift; sourceTree = "<group>"; };
		CF1BBC5C2BF5CEE4007FDF9B /* SceneStarter.swift */ = {isa = PBXFileReference; fileEncoding = 4; lastKnownFileType = sourcecode.swift; path = SceneStarter.swift; sourceTree = "<group>"; };
		CF1BBC5D2BF5CEE4007FDF9B /* AppDelegate.swift */ = {isa = PBXFileReference; fileEncoding = 4; lastKnownFileType = sourcecode.swift; path = AppDelegate.swift; sourceTree = "<group>"; };
		CF1BBC602BF5CEE4007FDF9B /* dictWordEnglishTests.swift */ = {isa = PBXFileReference; fileEncoding = 4; lastKnownFileType = sourcecode.swift; path = dictWordEnglishTests.swift; sourceTree = "<group>"; };
		CF456F492BF55DF500634CB6 /* dictWordEnglish.app */ = {isa = PBXFileReference; explicitFileType = wrapper.application; includeInIndex = 0; path = dictWordEnglish.app; sourceTree = BUILT_PRODUCTS_DIR; };
		CF456F5F2BF55DF800634CB6 /* dictWordEnglishTests.xctest */ = {isa = PBXFileReference; explicitFileType = wrapper.cfbundle; includeInIndex = 0; path = dictWordEnglishTests.xctest; sourceTree = BUILT_PRODUCTS_DIR; };
		CF6A76D72BF66F3300C65D07 /* ColorAssets.swift */ = {isa = PBXFileReference; lastKnownFileType = sourcecode.swift; path = ColorAssets.swift; sourceTree = "<group>"; };
		CF6A76DE2BF66F8300C65D07 /* Constraints.swift */ = {isa = PBXFileReference; lastKnownFileType = sourcecode.swift; path = Constraints.swift; sourceTree = "<group>"; };
		CF6A76E02BF66FB100C65D07 /* Empty.swift */ = {isa = PBXFileReference; lastKnownFileType = sourcecode.swift; path = Empty.swift; sourceTree = "<group>"; };
		CF6A76E22BF66FF400C65D07 /* ClassIdentifier.swift */ = {isa = PBXFileReference; lastKnownFileType = sourcecode.swift; path = ClassIdentifier.swift; sourceTree = "<group>"; };
		CF6A76E72BF670A500C65D07 /* NetworkConectable.swift */ = {isa = PBXFileReference; lastKnownFileType = sourcecode.swift; path = NetworkConectable.swift; sourceTree = "<group>"; };
		CF6A76E92BF670B700C65D07 /* NetworkError.swift */ = {isa = PBXFileReference; lastKnownFileType = sourcecode.swift; path = NetworkError.swift; sourceTree = "<group>"; };
		CF6A76EC2BF6712000C65D07 /* LocalizedText.swift */ = {isa = PBXFileReference; lastKnownFileType = sourcecode.swift; path = LocalizedText.swift; sourceTree = "<group>"; };
		CF6A76F12BF6715C00C65D07 /* pt-BR */ = {isa = PBXFileReference; lastKnownFileType = text.plist.strings; name = "pt-BR"; path = Localized.strings; sourceTree = "<group>"; };
		CF6A76F42BF671A200C65D07 /* en-US */ = {isa = PBXFileReference; lastKnownFileType = text.plist.strings; name = "en-US"; path = Localized.strings; sourceTree = "<group>"; };
		CF6A76F62BF6720900C65D07 /* en */ = {isa = PBXFileReference; lastKnownFileType = text.plist.strings; name = en; path = ../en.lproj/Localized.strings; sourceTree = "<group>"; };
		CF6A76F72BF672F200C65D07 /* KeychainAccess.swift */ = {isa = PBXFileReference; lastKnownFileType = sourcecode.swift; path = KeychainAccess.swift; sourceTree = "<group>"; };
		CF6A76FE2BF6A1B800C65D07 /* ListInteractor.swift */ = {isa = PBXFileReference; lastKnownFileType = sourcecode.swift; path = ListInteractor.swift; sourceTree = "<group>"; };
		CF6A77002BF6A1C000C65D07 /* ListPresenter.swift */ = {isa = PBXFileReference; lastKnownFileType = sourcecode.swift; path = ListPresenter.swift; sourceTree = "<group>"; };
		CF6A77022BF6A1CC00C65D07 /* ListView.swift */ = {isa = PBXFileReference; lastKnownFileType = sourcecode.swift; path = ListView.swift; sourceTree = "<group>"; };
		CF6A77072BF6A3B900C65D07 /* Networker.swift */ = {isa = PBXFileReference; lastKnownFileType = sourcecode.swift; path = Networker.swift; sourceTree = "<group>"; };
		CF6A77092BF6A75C00C65D07 /* DetailController.swift */ = {isa = PBXFileReference; lastKnownFileType = sourcecode.swift; path = DetailController.swift; sourceTree = "<group>"; };
		CF6A770B2BF6A76C00C65D07 /* DetailSceneFactory.swift */ = {isa = PBXFileReference; lastKnownFileType = sourcecode.swift; path = DetailSceneFactory.swift; sourceTree = "<group>"; };
/* End PBXFileReference section */

/* Begin PBXFrameworksBuildPhase section */
		CF456F462BF55DF500634CB6 /* Frameworks */ = {
			isa = PBXFrameworksBuildPhase;
			buildActionMask = 2147483647;
			files = (
				CF1BBC202BF5C243007FDF9B /* RealmSwift in Frameworks */,
				CF1BBC1B2BF5C10B007FDF9B /* Alamofire in Frameworks */,
			);
			runOnlyForDeploymentPostprocessing = 0;
		};
		CF456F5C2BF55DF800634CB6 /* Frameworks */ = {
			isa = PBXFrameworksBuildPhase;
			buildActionMask = 2147483647;
			files = (
				CF6A76FB2BF6A13F00C65D07 /* InlineSnapshotTesting in Frameworks */,
				CF6A76FD2BF6A13F00C65D07 /* SnapshotTesting in Frameworks */,
			);
			runOnlyForDeploymentPostprocessing = 0;
		};
/* End PBXFrameworksBuildPhase section */

/* Begin PBXGroup section */
		CF1BBC482BF5CEE4007FDF9B /* source */ = {
			isa = PBXGroup;
			children = (
				CF1BBC492BF5CEE4007FDF9B /* app */,
				CF1BBC5E2BF5CEE4007FDF9B /* tests */,
			);
			path = source;
			sourceTree = "<group>";
		};
		CF1BBC492BF5CEE4007FDF9B /* app */ = {
			isa = PBXGroup;
			children = (
				CF1BBC4A2BF5CEE4007FDF9B /* scenes */,
				CF1BBC4F2BF5CEE4007FDF9B /* shared */,
				CF1BBC5B2BF5CEE4007FDF9B /* app delegates */,
			);
			path = app;
			sourceTree = "<group>";
		};
		CF1BBC4A2BF5CEE4007FDF9B /* scenes */ = {
			isa = PBXGroup;
			children = (
				CF1BBC4B2BF5CEE4007FDF9B /* detail scene */,
				CF1BBC4C2BF5CEE4007FDF9B /* list scene */,
			);
			path = scenes;
			sourceTree = "<group>";
		};
		CF1BBC4B2BF5CEE4007FDF9B /* detail scene */ = {
			isa = PBXGroup;
			children = (
				CF6A77092BF6A75C00C65D07 /* DetailController.swift */,
				CF6A770B2BF6A76C00C65D07 /* DetailSceneFactory.swift */,
			);
			path = "detail scene";
			sourceTree = "<group>";
		};
		CF1BBC4C2BF5CEE4007FDF9B /* list scene */ = {
			isa = PBXGroup;
			children = (
				CF1BBC4D2BF5CEE4007FDF9B /* ListController.swift */,
				CF1BBC4E2BF5CEE4007FDF9B /* ListSceneFactory.swift */,
				CF6A76FE2BF6A1B800C65D07 /* ListInteractor.swift */,
				CF6A77002BF6A1C000C65D07 /* ListPresenter.swift */,
				CF6A77022BF6A1CC00C65D07 /* ListView.swift */,
			);
			path = "list scene";
			sourceTree = "<group>";
		};
		CF1BBC4F2BF5CEE4007FDF9B /* shared */ = {
			isa = PBXGroup;
			children = (
				CF6A76EB2BF670E200C65D07 /* static texts */,
				CF6A76E42BF6707400C65D07 /* works */,
				CF6A76D92BF66F4300C65D07 /* extensions */,
				CF6A76D62BF66F1D00C65D07 /* colors */,
				CF1BBC502BF5CEE4007FDF9B /* resources */,
				CF1BBC562BF5CEE4007FDF9B /* view components */,
				CF1BBC592BF5CEE4007FDF9B /* interfaces */,
			);
			path = shared;
			sourceTree = "<group>";
		};
		CF1BBC502BF5CEE4007FDF9B /* resources */ = {
			isa = PBXGroup;
			children = (
				CF1BBC512BF5CEE4007FDF9B /* Assets.xcassets */,
				CF1BBC522BF5CEE4007FDF9B /* LaunchScreen.storyboard */,
				CF1BBC542BF5CEE4007FDF9B /* PrivacyInfo.xcprivacy */,
				CF1BBC552BF5CEE4007FDF9B /* Info.plist */,
			);
			path = resources;
			sourceTree = "<group>";
		};
		CF1BBC562BF5CEE4007FDF9B /* view components */ = {
			isa = PBXGroup;
			children = (
				CF1BBC572BF5CEE4007FDF9B /* navigationController */,
			);
			path = "view components";
			sourceTree = "<group>";
		};
		CF1BBC572BF5CEE4007FDF9B /* navigationController */ = {
			isa = PBXGroup;
			children = (
				CF1BBC582BF5CEE4007FDF9B /* NavigationController.swift */,
			);
			path = navigationController;
			sourceTree = "<group>";
		};
		CF1BBC592BF5CEE4007FDF9B /* interfaces */ = {
			isa = PBXGroup;
			children = (
				CF1BBC5A2BF5CEE4007FDF9B /* Model.swift */,
				CF6A77072BF6A3B900C65D07 /* Networker.swift */,
			);
			path = interfaces;
			sourceTree = "<group>";
		};
		CF1BBC5B2BF5CEE4007FDF9B /* app delegates */ = {
			isa = PBXGroup;
			children = (
				CF1BBC5C2BF5CEE4007FDF9B /* SceneStarter.swift */,
				CF1BBC5D2BF5CEE4007FDF9B /* AppDelegate.swift */,
			);
			path = "app delegates";
			sourceTree = "<group>";
		};
		CF1BBC5E2BF5CEE4007FDF9B /* tests */ = {
			isa = PBXGroup;
			children = (
				CF1BBC5F2BF5CEE4007FDF9B /* dictWordEnglishTests */,
			);
			path = tests;
			sourceTree = "<group>";
		};
		CF1BBC5F2BF5CEE4007FDF9B /* dictWordEnglishTests */ = {
			isa = PBXGroup;
			children = (
				CF1BBC602BF5CEE4007FDF9B /* dictWordEnglishTests.swift */,
			);
			path = dictWordEnglishTests;
			sourceTree = "<group>";
		};
		CF456F402BF55DF500634CB6 = {
			isa = PBXGroup;
			children = (
				CF1BBC482BF5CEE4007FDF9B /* source */,
				CF456F4A2BF55DF500634CB6 /* Products */,
			);
			sourceTree = "<group>";
		};
		CF456F4A2BF55DF500634CB6 /* Products */ = {
			isa = PBXGroup;
			children = (
				CF456F492BF55DF500634CB6 /* dictWordEnglish.app */,
				CF456F5F2BF55DF800634CB6 /* dictWordEnglishTests.xctest */,
			);
			name = Products;
			sourceTree = "<group>";
		};
		CF6A76D62BF66F1D00C65D07 /* colors */ = {
			isa = PBXGroup;
			children = (
				CF6A76D72BF66F3300C65D07 /* ColorAssets.swift */,
			);
			path = colors;
			sourceTree = "<group>";
		};
		CF6A76D92BF66F4300C65D07 /* extensions */ = {
			isa = PBXGroup;
			children = (
				CF6A76DD2BF66F7100C65D07 /* uiview */,
				CF6A76DC2BF66F6C00C65D07 /* string */,
				CF6A76DB2BF66F5A00C65D07 /* nsobject */,
			);
			path = extensions;
			sourceTree = "<group>";
		};
		CF6A76DB2BF66F5A00C65D07 /* nsobject */ = {
			isa = PBXGroup;
			children = (
				CF6A76E22BF66FF400C65D07 /* ClassIdentifier.swift */,
			);
			path = nsobject;
			sourceTree = "<group>";
		};
		CF6A76DC2BF66F6C00C65D07 /* string */ = {
			isa = PBXGroup;
			children = (
				CF6A76E02BF66FB100C65D07 /* Empty.swift */,
			);
			path = string;
			sourceTree = "<group>";
		};
		CF6A76DD2BF66F7100C65D07 /* uiview */ = {
			isa = PBXGroup;
			children = (
				CF6A76DE2BF66F8300C65D07 /* Constraints.swift */,
			);
			path = uiview;
			sourceTree = "<group>";
		};
		CF6A76E42BF6707400C65D07 /* works */ = {
			isa = PBXGroup;
			children = (
				CF6A76E62BF6708A00C65D07 /* security */,
				CF6A76E52BF6707F00C65D07 /* network */,
			);
			path = works;
			sourceTree = "<group>";
		};
		CF6A76E52BF6707F00C65D07 /* network */ = {
			isa = PBXGroup;
			children = (
				CF6A76E72BF670A500C65D07 /* NetworkConectable.swift */,
				CF6A76E92BF670B700C65D07 /* NetworkError.swift */,
			);
			path = network;
			sourceTree = "<group>";
		};
		CF6A76E62BF6708A00C65D07 /* security */ = {
			isa = PBXGroup;
			children = (
				CF6A76F72BF672F200C65D07 /* KeychainAccess.swift */,
			);
			path = security;
			sourceTree = "<group>";
		};
		CF6A76EB2BF670E200C65D07 /* static texts */ = {
			isa = PBXGroup;
			children = (
				CF6A76EF2BF6714400C65D07 /* en-US.lproj */,
				CF6A76EE2BF6713500C65D07 /* pt-BR.lproj */,
				CF6A76EC2BF6712000C65D07 /* LocalizedText.swift */,
			);
			path = "static texts";
			sourceTree = "<group>";
		};
		CF6A76EE2BF6713500C65D07 /* pt-BR.lproj */ = {
			isa = PBXGroup;
			children = (
				CF6A76F02BF6715C00C65D07 /* Localized.strings */,
			);
			path = "pt-BR.lproj";
			sourceTree = "<group>";
		};
		CF6A76EF2BF6714400C65D07 /* en-US.lproj */ = {
			isa = PBXGroup;
			children = (
				CF6A76F32BF671A200C65D07 /* Localized.strings */,
			);
			path = "en-US.lproj";
			sourceTree = "<group>";
		};
/* End PBXGroup section */

/* Begin PBXNativeTarget section */
		CF456F482BF55DF500634CB6 /* dictWordEnglish */ = {
			isa = PBXNativeTarget;
			buildConfigurationList = CF456F732BF55DF800634CB6 /* Build configuration list for PBXNativeTarget "dictWordEnglish" */;
			buildPhases = (
				CF456F452BF55DF500634CB6 /* Sources */,
				CF456F462BF55DF500634CB6 /* Frameworks */,
				CF456F472BF55DF500634CB6 /* Resources */,
			);
			buildRules = (
			);
			dependencies = (
				CF1BBC242BF5CB39007FDF9B /* PBXTargetDependency */,
			);
			name = dictWordEnglish;
			packageProductDependencies = (
				CF1BBC1A2BF5C10B007FDF9B /* Alamofire */,
				CF1BBC1F2BF5C243007FDF9B /* RealmSwift */,
			);
			productName = dictWordEnglish;
			productReference = CF456F492BF55DF500634CB6 /* dictWordEnglish.app */;
			productType = "com.apple.product-type.application";
		};
		CF456F5E2BF55DF800634CB6 /* dictWordEnglishTests */ = {
			isa = PBXNativeTarget;
			buildConfigurationList = CF456F762BF55DF800634CB6 /* Build configuration list for PBXNativeTarget "dictWordEnglishTests" */;
			buildPhases = (
				CF456F5B2BF55DF800634CB6 /* Sources */,
				CF456F5C2BF55DF800634CB6 /* Frameworks */,
				CF456F5D2BF55DF800634CB6 /* Resources */,
			);
			buildRules = (
			);
			dependencies = (
				CF456F612BF55DF800634CB6 /* PBXTargetDependency */,
			);
			name = dictWordEnglishTests;
			packageProductDependencies = (
				CF6A76FA2BF6A13F00C65D07 /* InlineSnapshotTesting */,
				CF6A76FC2BF6A13F00C65D07 /* SnapshotTesting */,
			);
			productName = dictWordEnglishTests;
			productReference = CF456F5F2BF55DF800634CB6 /* dictWordEnglishTests.xctest */;
			productType = "com.apple.product-type.bundle.unit-test";
		};
/* End PBXNativeTarget section */

/* Begin PBXProject section */
		CF456F412BF55DF500634CB6 /* Project object */ = {
			isa = PBXProject;
			attributes = {
				BuildIndependentTargetsInParallel = 1;
				LastSwiftUpdateCheck = 1520;
				LastUpgradeCheck = 1520;
				TargetAttributes = {
					CF456F482BF55DF500634CB6 = {
						CreatedOnToolsVersion = 15.2;
					};
					CF456F5E2BF55DF800634CB6 = {
						CreatedOnToolsVersion = 15.2;
						TestTargetID = CF456F482BF55DF500634CB6;
					};
				};
			};
			buildConfigurationList = CF456F442BF55DF500634CB6 /* Build configuration list for PBXProject "dictWordEnglish" */;
			compatibilityVersion = "Xcode 14.0";
			developmentRegion = en;
			hasScannedForEncodings = 0;
			knownRegions = (
				en,
				Base,
				"pt-BR",
				"en-US",
			);
			mainGroup = CF456F402BF55DF500634CB6;
			packageReferences = (
				CF1BBC192BF5C10B007FDF9B /* XCRemoteSwiftPackageReference "Alamofire" */,
				CF1BBC1C2BF5C242007FDF9B /* XCRemoteSwiftPackageReference "realm-swift" */,
				CF1BBC212BF5C9C8007FDF9B /* XCRemoteSwiftPackageReference "SwiftLint" */,
				CF6A76F92BF6A13F00C65D07 /* XCRemoteSwiftPackageReference "swift-snapshot-testing" */,
			);
			productRefGroup = CF456F4A2BF55DF500634CB6 /* Products */;
			projectDirPath = "";
			projectRoot = "";
			targets = (
				CF456F482BF55DF500634CB6 /* dictWordEnglish */,
				CF456F5E2BF55DF800634CB6 /* dictWordEnglishTests */,
			);
		};
/* End PBXProject section */

/* Begin PBXResourcesBuildPhase section */
		CF456F472BF55DF500634CB6 /* Resources */ = {
			isa = PBXResourcesBuildPhase;
			buildActionMask = 2147483647;
			files = (
				CF6A76F52BF671A200C65D07 /* Localized.strings in Resources */,
				CF6A76F22BF6715C00C65D07 /* Localized.strings in Resources */,
				CF1BBC632BF5CEE4007FDF9B /* Assets.xcassets in Resources */,
				CF1BBC642BF5CEE4007FDF9B /* LaunchScreen.storyboard in Resources */,
			);
			runOnlyForDeploymentPostprocessing = 0;
		};
		CF456F5D2BF55DF800634CB6 /* Resources */ = {
			isa = PBXResourcesBuildPhase;
			buildActionMask = 2147483647;
			files = (
			);
			runOnlyForDeploymentPostprocessing = 0;
		};
/* End PBXResourcesBuildPhase section */

/* Begin PBXSourcesBuildPhase section */
		CF456F452BF55DF500634CB6 /* Sources */ = {
			isa = PBXSourcesBuildPhase;
			buildActionMask = 2147483647;
			files = (
				CF6A76FF2BF6A1B800C65D07 /* ListInteractor.swift in Sources */,
				CF1BBC6A2BF5CEE4007FDF9B /* AppDelegate.swift in Sources */,
				CF6A77012BF6A1C000C65D07 /* ListPresenter.swift in Sources */,
				CF6A77032BF6A1CC00C65D07 /* ListView.swift in Sources */,
				CF6A76ED2BF6712100C65D07 /* LocalizedText.swift in Sources */,
				CF1BBC612BF5CEE4007FDF9B /* ListController.swift in Sources */,
				CF6A76D82BF66F3300C65D07 /* ColorAssets.swift in Sources */,
				CF1BBC672BF5CEE4007FDF9B /* NavigationController.swift in Sources */,
				CF6A770A2BF6A75C00C65D07 /* DetailController.swift in Sources */,
				CF6A76E82BF670A500C65D07 /* NetworkConectable.swift in Sources */,
				CF6A76DF2BF66F8300C65D07 /* Constraints.swift in Sources */,
				CF6A76E12BF66FB100C65D07 /* Empty.swift in Sources */,
				CF1BBC622BF5CEE4007FDF9B /* ListSceneFactory.swift in Sources */,
				CF6A76E32BF66FF400C65D07 /* ClassIdentifier.swift in Sources */,
				CF6A76EA2BF670B700C65D07 /* NetworkError.swift in Sources */,
				CF6A770C2BF6A76C00C65D07 /* DetailSceneFactory.swift in Sources */,
				CF6A77082BF6A3B900C65D07 /* Networker.swift in Sources */,
				CF1BBC682BF5CEE4007FDF9B /* Model.swift in Sources */,
				CF1BBC692BF5CEE4007FDF9B /* SceneStarter.swift in Sources */,
				CF6A76F82BF672F200C65D07 /* KeychainAccess.swift in Sources */,
			);
			runOnlyForDeploymentPostprocessing = 0;
		};
		CF456F5B2BF55DF800634CB6 /* Sources */ = {
			isa = PBXSourcesBuildPhase;
			buildActionMask = 2147483647;
			files = (
				CF1BBC6C2BF5CEF1007FDF9B /* dictWordEnglishTests.swift in Sources */,
			);
			runOnlyForDeploymentPostprocessing = 0;
		};
/* End PBXSourcesBuildPhase section */

/* Begin PBXTargetDependency section */
		CF1BBC242BF5CB39007FDF9B /* PBXTargetDependency */ = {
			isa = PBXTargetDependency;
			productRef = CF1BBC232BF5CB39007FDF9B /* SwiftLintBuildToolPlugin */;
		};
		CF456F612BF55DF800634CB6 /* PBXTargetDependency */ = {
			isa = PBXTargetDependency;
			target = CF456F482BF55DF500634CB6 /* dictWordEnglish */;
			targetProxy = CF456F602BF55DF800634CB6 /* PBXContainerItemProxy */;
		};
/* End PBXTargetDependency section */

/* Begin PBXVariantGroup section */
		CF1BBC522BF5CEE4007FDF9B /* LaunchScreen.storyboard */ = {
			isa = PBXVariantGroup;
			children = (
				CF1BBC532BF5CEE4007FDF9B /* Base */,
			);
			name = LaunchScreen.storyboard;
			sourceTree = "<group>";
		};
		CF6A76F02BF6715C00C65D07 /* Localized.strings */ = {
			isa = PBXVariantGroup;
			children = (
				CF6A76F12BF6715C00C65D07 /* pt-BR */,
			);
			name = Localized.strings;
			sourceTree = "<group>";
		};
		CF6A76F32BF671A200C65D07 /* Localized.strings */ = {
			isa = PBXVariantGroup;
			children = (
				CF6A76F42BF671A200C65D07 /* en-US */,
				CF6A76F62BF6720900C65D07 /* en */,
			);
			name = Localized.strings;
			sourceTree = "<group>";
		};
/* End PBXVariantGroup section */

/* Begin XCBuildConfiguration section */
		CF456F712BF55DF800634CB6 /* Debug */ = {
			isa = XCBuildConfiguration;
			buildSettings = {
				ALWAYS_SEARCH_USER_PATHS = NO;
				ASSETCATALOG_COMPILER_GENERATE_SWIFT_ASSET_SYMBOL_EXTENSIONS = YES;
				CLANG_ANALYZER_NONNULL = YES;
				CLANG_ANALYZER_NUMBER_OBJECT_CONVERSION = YES_AGGRESSIVE;
				CLANG_CXX_LANGUAGE_STANDARD = "gnu++20";
				CLANG_ENABLE_MODULES = YES;
				CLANG_ENABLE_OBJC_ARC = YES;
				CLANG_ENABLE_OBJC_WEAK = YES;
				CLANG_WARN_BLOCK_CAPTURE_AUTORELEASING = YES;
				CLANG_WARN_BOOL_CONVERSION = YES;
				CLANG_WARN_COMMA = YES;
				CLANG_WARN_CONSTANT_CONVERSION = YES;
				CLANG_WARN_DEPRECATED_OBJC_IMPLEMENTATIONS = YES;
				CLANG_WARN_DIRECT_OBJC_ISA_USAGE = YES_ERROR;
				CLANG_WARN_DOCUMENTATION_COMMENTS = YES;
				CLANG_WARN_EMPTY_BODY = YES;
				CLANG_WARN_ENUM_CONVERSION = YES;
				CLANG_WARN_INFINITE_RECURSION = YES;
				CLANG_WARN_INT_CONVERSION = YES;
				CLANG_WARN_NON_LITERAL_NULL_CONVERSION = YES;
				CLANG_WARN_OBJC_IMPLICIT_RETAIN_SELF = YES;
				CLANG_WARN_OBJC_LITERAL_CONVERSION = YES;
				CLANG_WARN_OBJC_ROOT_CLASS = YES_ERROR;
				CLANG_WARN_QUOTED_INCLUDE_IN_FRAMEWORK_HEADER = YES;
				CLANG_WARN_RANGE_LOOP_ANALYSIS = YES;
				CLANG_WARN_STRICT_PROTOTYPES = YES;
				CLANG_WARN_SUSPICIOUS_MOVE = YES;
				CLANG_WARN_UNGUARDED_AVAILABILITY = YES_AGGRESSIVE;
				CLANG_WARN_UNREACHABLE_CODE = YES;
				CLANG_WARN__DUPLICATE_METHOD_MATCH = YES;
				COPY_PHASE_STRIP = NO;
				DEBUG_INFORMATION_FORMAT = dwarf;
				ENABLE_STRICT_OBJC_MSGSEND = YES;
				ENABLE_TESTABILITY = YES;
				ENABLE_USER_SCRIPT_SANDBOXING = YES;
				GCC_C_LANGUAGE_STANDARD = gnu17;
				GCC_DYNAMIC_NO_PIC = NO;
				GCC_NO_COMMON_BLOCKS = YES;
				GCC_OPTIMIZATION_LEVEL = 0;
				GCC_PREPROCESSOR_DEFINITIONS = (
					"DEBUG=1",
					"$(inherited)",
				);
				GCC_WARN_64_TO_32_BIT_CONVERSION = YES;
				GCC_WARN_ABOUT_RETURN_TYPE = YES_ERROR;
				GCC_WARN_UNDECLARED_SELECTOR = YES;
				GCC_WARN_UNINITIALIZED_AUTOS = YES_AGGRESSIVE;
				GCC_WARN_UNUSED_FUNCTION = YES;
				GCC_WARN_UNUSED_VARIABLE = YES;
				IPHONEOS_DEPLOYMENT_TARGET = 17.2;
				LOCALIZATION_PREFERS_STRING_CATALOGS = YES;
				MTL_ENABLE_DEBUG_INFO = INCLUDE_SOURCE;
				MTL_FAST_MATH = YES;
				ONLY_ACTIVE_ARCH = YES;
				SDKROOT = iphoneos;
				SWIFT_ACTIVE_COMPILATION_CONDITIONS = "DEBUG $(inherited)";
				SWIFT_OPTIMIZATION_LEVEL = "-Onone";
			};
			name = Debug;
		};
		CF456F722BF55DF800634CB6 /* Release */ = {
			isa = XCBuildConfiguration;
			buildSettings = {
				ALWAYS_SEARCH_USER_PATHS = NO;
				ASSETCATALOG_COMPILER_GENERATE_SWIFT_ASSET_SYMBOL_EXTENSIONS = YES;
				CLANG_ANALYZER_NONNULL = YES;
				CLANG_ANALYZER_NUMBER_OBJECT_CONVERSION = YES_AGGRESSIVE;
				CLANG_CXX_LANGUAGE_STANDARD = "gnu++20";
				CLANG_ENABLE_MODULES = YES;
				CLANG_ENABLE_OBJC_ARC = YES;
				CLANG_ENABLE_OBJC_WEAK = YES;
				CLANG_WARN_BLOCK_CAPTURE_AUTORELEASING = YES;
				CLANG_WARN_BOOL_CONVERSION = YES;
				CLANG_WARN_COMMA = YES;
				CLANG_WARN_CONSTANT_CONVERSION = YES;
				CLANG_WARN_DEPRECATED_OBJC_IMPLEMENTATIONS = YES;
				CLANG_WARN_DIRECT_OBJC_ISA_USAGE = YES_ERROR;
				CLANG_WARN_DOCUMENTATION_COMMENTS = YES;
				CLANG_WARN_EMPTY_BODY = YES;
				CLANG_WARN_ENUM_CONVERSION = YES;
				CLANG_WARN_INFINITE_RECURSION = YES;
				CLANG_WARN_INT_CONVERSION = YES;
				CLANG_WARN_NON_LITERAL_NULL_CONVERSION = YES;
				CLANG_WARN_OBJC_IMPLICIT_RETAIN_SELF = YES;
				CLANG_WARN_OBJC_LITERAL_CONVERSION = YES;
				CLANG_WARN_OBJC_ROOT_CLASS = YES_ERROR;
				CLANG_WARN_QUOTED_INCLUDE_IN_FRAMEWORK_HEADER = YES;
				CLANG_WARN_RANGE_LOOP_ANALYSIS = YES;
				CLANG_WARN_STRICT_PROTOTYPES = YES;
				CLANG_WARN_SUSPICIOUS_MOVE = YES;
				CLANG_WARN_UNGUARDED_AVAILABILITY = YES_AGGRESSIVE;
				CLANG_WARN_UNREACHABLE_CODE = YES;
				CLANG_WARN__DUPLICATE_METHOD_MATCH = YES;
				COPY_PHASE_STRIP = NO;
				DEBUG_INFORMATION_FORMAT = "dwarf-with-dsym";
				ENABLE_NS_ASSERTIONS = NO;
				ENABLE_STRICT_OBJC_MSGSEND = YES;
				ENABLE_USER_SCRIPT_SANDBOXING = YES;
				GCC_C_LANGUAGE_STANDARD = gnu17;
				GCC_NO_COMMON_BLOCKS = YES;
				GCC_WARN_64_TO_32_BIT_CONVERSION = YES;
				GCC_WARN_ABOUT_RETURN_TYPE = YES_ERROR;
				GCC_WARN_UNDECLARED_SELECTOR = YES;
				GCC_WARN_UNINITIALIZED_AUTOS = YES_AGGRESSIVE;
				GCC_WARN_UNUSED_FUNCTION = YES;
				GCC_WARN_UNUSED_VARIABLE = YES;
				IPHONEOS_DEPLOYMENT_TARGET = 17.2;
				LOCALIZATION_PREFERS_STRING_CATALOGS = YES;
				MTL_ENABLE_DEBUG_INFO = NO;
				MTL_FAST_MATH = YES;
				SDKROOT = iphoneos;
				SWIFT_COMPILATION_MODE = wholemodule;
				VALIDATE_PRODUCT = YES;
			};
			name = Release;
		};
		CF456F742BF55DF800634CB6 /* Debug */ = {
			isa = XCBuildConfiguration;
			buildSettings = {
				ASSETCATALOG_COMPILER_APPICON_NAME = AppIcon;
				ASSETCATALOG_COMPILER_GLOBAL_ACCENT_COLOR_NAME = "";
				CODE_SIGN_STYLE = Automatic;
				CURRENT_PROJECT_VERSION = 1;
				GENERATE_INFOPLIST_FILE = YES;
				INFOPLIST_FILE = source/app/Shared/Resources/Info.plist;
				INFOPLIST_KEY_UIApplicationSupportsIndirectInputEvents = YES;
				INFOPLIST_KEY_UILaunchStoryboardName = LaunchScreen;
				INFOPLIST_KEY_UISupportedInterfaceOrientations = UIInterfaceOrientationPortrait;
				INFOPLIST_KEY_UISupportedInterfaceOrientations_iPad = "UIInterfaceOrientationLandscapeLeft UIInterfaceOrientationLandscapeRight UIInterfaceOrientationPortrait UIInterfaceOrientationPortraitUpsideDown";
				IPHONEOS_DEPLOYMENT_TARGET = 16.0;
				LD_RUNPATH_SEARCH_PATHS = (
					"$(inherited)",
					"@executable_path/Frameworks",
				);
				MARKETING_VERSION = 1.0;
				PRODUCT_BUNDLE_IDENTIFIER = "com.outlook-tiagofly.dictWordEnglish";
				PRODUCT_NAME = "$(TARGET_NAME)";
				SUPPORTED_PLATFORMS = "iphoneos iphonesimulator";
				SUPPORTS_MACCATALYST = NO;
				SUPPORTS_MAC_DESIGNED_FOR_IPHONE_IPAD = NO;
				SUPPORTS_XR_DESIGNED_FOR_IPHONE_IPAD = NO;
				SWIFT_EMIT_LOC_STRINGS = YES;
				SWIFT_VERSION = 5.0;
				TARGETED_DEVICE_FAMILY = 1;
			};
			name = Debug;
		};
		CF456F752BF55DF800634CB6 /* Release */ = {
			isa = XCBuildConfiguration;
			buildSettings = {
				ASSETCATALOG_COMPILER_APPICON_NAME = AppIcon;
				ASSETCATALOG_COMPILER_GLOBAL_ACCENT_COLOR_NAME = "";
				CODE_SIGN_STYLE = Automatic;
				CURRENT_PROJECT_VERSION = 1;
				GENERATE_INFOPLIST_FILE = YES;
				INFOPLIST_FILE = source/app/Shared/Resources/Info.plist;
				INFOPLIST_KEY_UIApplicationSupportsIndirectInputEvents = YES;
				INFOPLIST_KEY_UILaunchStoryboardName = LaunchScreen;
				INFOPLIST_KEY_UISupportedInterfaceOrientations = UIInterfaceOrientationPortrait;
				INFOPLIST_KEY_UISupportedInterfaceOrientations_iPad = "UIInterfaceOrientationLandscapeLeft UIInterfaceOrientationLandscapeRight UIInterfaceOrientationPortrait UIInterfaceOrientationPortraitUpsideDown";
				IPHONEOS_DEPLOYMENT_TARGET = 16.0;
				LD_RUNPATH_SEARCH_PATHS = (
					"$(inherited)",
					"@executable_path/Frameworks",
				);
				MARKETING_VERSION = 1.0;
				PRODUCT_BUNDLE_IDENTIFIER = "com.outlook-tiagofly.dictWordEnglish";
				PRODUCT_NAME = "$(TARGET_NAME)";
				SUPPORTED_PLATFORMS = "iphoneos iphonesimulator";
				SUPPORTS_MACCATALYST = NO;
				SUPPORTS_MAC_DESIGNED_FOR_IPHONE_IPAD = NO;
				SUPPORTS_XR_DESIGNED_FOR_IPHONE_IPAD = NO;
				SWIFT_EMIT_LOC_STRINGS = YES;
				SWIFT_VERSION = 5.0;
				TARGETED_DEVICE_FAMILY = 1;
			};
			name = Release;
		};
		CF456F772BF55DF800634CB6 /* Debug */ = {
			isa = XCBuildConfiguration;
			buildSettings = {
				ALWAYS_EMBED_SWIFT_STANDARD_LIBRARIES = YES;
				BUNDLE_LOADER = "$(TEST_HOST)";
				CODE_SIGN_STYLE = Automatic;
				CURRENT_PROJECT_VERSION = 1;
				GENERATE_INFOPLIST_FILE = YES;
				INFOPLIST_FILE = "";
				IPHONEOS_DEPLOYMENT_TARGET = 17.2;
				MARKETING_VERSION = 1.0;
				PRODUCT_BUNDLE_IDENTIFIER = "com.outlook-tiagofly.dictWordEnglishTests";
				PRODUCT_NAME = "$(TARGET_NAME)";
				SWIFT_EMIT_LOC_STRINGS = NO;
				SWIFT_VERSION = 5.0;
				TARGETED_DEVICE_FAMILY = "1,2";
				TEST_HOST = "$(BUILT_PRODUCTS_DIR)/dictWordEnglish.app/$(BUNDLE_EXECUTABLE_FOLDER_PATH)/dictWordEnglish";
			};
			name = Debug;
		};
		CF456F782BF55DF800634CB6 /* Release */ = {
			isa = XCBuildConfiguration;
			buildSettings = {
				ALWAYS_EMBED_SWIFT_STANDARD_LIBRARIES = YES;
				BUNDLE_LOADER = "$(TEST_HOST)";
				CODE_SIGN_STYLE = Automatic;
				CURRENT_PROJECT_VERSION = 1;
				GENERATE_INFOPLIST_FILE = YES;
				INFOPLIST_FILE = "";
				IPHONEOS_DEPLOYMENT_TARGET = 17.2;
				MARKETING_VERSION = 1.0;
				PRODUCT_BUNDLE_IDENTIFIER = "com.outlook-tiagofly.dictWordEnglishTests";
				PRODUCT_NAME = "$(TARGET_NAME)";
				SWIFT_EMIT_LOC_STRINGS = NO;
				SWIFT_VERSION = 5.0;
				TARGETED_DEVICE_FAMILY = "1,2";
				TEST_HOST = "$(BUILT_PRODUCTS_DIR)/dictWordEnglish.app/$(BUNDLE_EXECUTABLE_FOLDER_PATH)/dictWordEnglish";
			};
			name = Release;
		};
/* End XCBuildConfiguration section */

/* Begin XCConfigurationList section */
		CF456F442BF55DF500634CB6 /* Build configuration list for PBXProject "dictWordEnglish" */ = {
			isa = XCConfigurationList;
			buildConfigurations = (
				CF456F712BF55DF800634CB6 /* Debug */,
				CF456F722BF55DF800634CB6 /* Release */,
			);
			defaultConfigurationIsVisible = 0;
			defaultConfigurationName = Release;
		};
		CF456F732BF55DF800634CB6 /* Build configuration list for PBXNativeTarget "dictWordEnglish" */ = {
			isa = XCConfigurationList;
			buildConfigurations = (
				CF456F742BF55DF800634CB6 /* Debug */,
				CF456F752BF55DF800634CB6 /* Release */,
			);
			defaultConfigurationIsVisible = 0;
			defaultConfigurationName = Release;
		};
		CF456F762BF55DF800634CB6 /* Build configuration list for PBXNativeTarget "dictWordEnglishTests" */ = {
			isa = XCConfigurationList;
			buildConfigurations = (
				CF456F772BF55DF800634CB6 /* Debug */,
				CF456F782BF55DF800634CB6 /* Release */,
			);
			defaultConfigurationIsVisible = 0;
			defaultConfigurationName = Release;
		};
/* End XCConfigurationList section */

/* Begin XCRemoteSwiftPackageReference section */
		CF1BBC192BF5C10B007FDF9B /* XCRemoteSwiftPackageReference "Alamofire" */ = {
			isa = XCRemoteSwiftPackageReference;
			repositoryURL = "git@github.com:Alamofire/Alamofire.git";
			requirement = {
				kind = exactVersion;
				version = 5.9.1;
			};
		};
		CF1BBC1C2BF5C242007FDF9B /* XCRemoteSwiftPackageReference "realm-swift" */ = {
			isa = XCRemoteSwiftPackageReference;
			repositoryURL = "https://github.com/realm/realm-swift.git";
			requirement = {
				branch = master;
				kind = branch;
			};
		};
		CF1BBC212BF5C9C8007FDF9B /* XCRemoteSwiftPackageReference "SwiftLint" */ = {
			isa = XCRemoteSwiftPackageReference;
			repositoryURL = "https://github.com/realm/SwiftLint";
			requirement = {
				kind = upToNextMajorVersion;
				minimumVersion = 0.55.0;
			};
		};
		CF6A76F92BF6A13F00C65D07 /* XCRemoteSwiftPackageReference "swift-snapshot-testing" */ = {
			isa = XCRemoteSwiftPackageReference;
			repositoryURL = "https://github.com/pointfreeco/swift-snapshot-testing";
			requirement = {
				kind = upToNextMajorVersion;
				minimumVersion = 1.16.0;
			};
		};
/* End XCRemoteSwiftPackageReference section */

/* Begin XCSwiftPackageProductDependency section */
		CF1BBC1A2BF5C10B007FDF9B /* Alamofire */ = {
			isa = XCSwiftPackageProductDependency;
			package = CF1BBC192BF5C10B007FDF9B /* XCRemoteSwiftPackageReference "Alamofire" */;
			productName = Alamofire;
		};
		CF1BBC1F2BF5C243007FDF9B /* RealmSwift */ = {
			isa = XCSwiftPackageProductDependency;
			package = CF1BBC1C2BF5C242007FDF9B /* XCRemoteSwiftPackageReference "realm-swift" */;
			productName = RealmSwift;
		};
		CF1BBC232BF5CB39007FDF9B /* SwiftLintBuildToolPlugin */ = {
			isa = XCSwiftPackageProductDependency;
			package = CF1BBC212BF5C9C8007FDF9B /* XCRemoteSwiftPackageReference "SwiftLint" */;
			productName = "plugin:SwiftLintBuildToolPlugin";
		};
		CF6A76FA2BF6A13F00C65D07 /* InlineSnapshotTesting */ = {
			isa = XCSwiftPackageProductDependency;
			package = CF6A76F92BF6A13F00C65D07 /* XCRemoteSwiftPackageReference "swift-snapshot-testing" */;
			productName = InlineSnapshotTesting;
		};
		CF6A76FC2BF6A13F00C65D07 /* SnapshotTesting */ = {
			isa = XCSwiftPackageProductDependency;
			package = CF6A76F92BF6A13F00C65D07 /* XCRemoteSwiftPackageReference "swift-snapshot-testing" */;
			productName = SnapshotTesting;
		};
/* End XCSwiftPackageProductDependency section */
	};
	rootObject = CF456F412BF55DF500634CB6 /* Project object */;
}
